{
  "name": "cc-newapp-client",
  "version": "0.0.1",
  "lockfileVersion": 1,
  "requires": true,
  "dependencies": {
    "tsmonad": {
      "version": "0.8.0",
      "resolved": "http://customerscanvas:4873/tsmonad/-/tsmonad-0.8.0.tgz",
      "integrity": "sha1-zjzxMZLzI9uPeMgfVKX1vEohMPw="
    }
  }
}
