{
  "name": "design-editor-iframe",
  "version": "0.0.1",
  "lockfileVersion": 1,
  "requires": true,
  "dependencies": {
    "@types/ramda": {
      "version": "0.27.6",
      "resolved": "http://customerscanvas:4873/@types%2framda/-/ramda-0.27.6.tgz",
      "integrity": "sha512-ephagb0ZIAJSoS5I/qMS4Mqo1b/Nd50pWM+o1QO/dz8NF//GsCGPTLDVRqgXlVncy74KShfHzE5rPZXTeek4PA==",
      "dev": true,
      "requires": {
        "ts-toolbelt": "^6.3.3"
      }
    },
    "ramda": {
      "version": "0.27.0",
      "resolved": "http://customerscanvas:4873/ramda/-/ramda-0.27.0.tgz",
      "integrity": "sha512-pVzZdDpWwWqEVVLshWUHjNwuVP7SfcmPraYuqocJp1yo2U1R7P+5QAfDhdItkuoGqIBnBYrtPp7rEPqDn9HlZA=="
    },
    "ts-toolbelt": {
      "version": "6.9.4",
      "resolved": "http://customerscanvas:4873/ts-toolbelt/-/ts-toolbelt-6.9.4.tgz",
      "integrity": "sha512-muRZZqfOTOVvLk5cdnp7YWm6xX+kD/WL2cS/L4zximBRcbQSuMoTbQQ2ZZBVMs1gB0EZw1qThP+HrIQB35OmEw==",
      "dev": true
    },
    "tsmonad": {
      "version": "0.8.0",
      "resolved": "http://customerscanvas:4873/tsmonad/-/tsmonad-0.8.0.tgz",
      "integrity": "sha1-zjzxMZLzI9uPeMgfVKX1vEohMPw="
    }
  }
}
